
Microsoft Visual Studio Solution File, Format Version 12.00
# Visual Studio Version 17
VisualStudioVersion = 17.8.34316.72
MinimumVisualStudioVersion = 10.0.40219.1
Project("{FAE04EC0-301F-11D3-BF4B-00C04F79EFBC}") = "AdoNet_ORM", "AdoNet_ORM\AdoNet_ORM.csproj", "{36EEC2CE-AFC1-46DD-8916-BCCE46FBE477}"
EndProject
Project("{FAE04EC0-301F-11D3-BF4B-00C04F79EFBC}") = "Core1", "Core1\Core1.csproj", "{80B39D1C-76B0-49AC-890B-B4145329A9C3}"
EndProject
Global
	GlobalSection(SolutionConfigurationPlatforms) = preSolution
		Debug|Any CPU = Debug|Any CPU
		Release|Any CPU = Release|Any CPU
	EndGlobalSection
	GlobalSection(ProjectConfigurationPlatforms) = postSolution
		{36EEC2CE-AFC1-46DD-8916-BCCE46FBE477}.Debug|Any CPU.ActiveCfg = Debug|Any CPU
		{36EEC2CE-AFC1-46DD-8916-BCCE46FBE477}.Debug|Any CPU.Build.0 = Debug|Any CPU
		{36EEC2CE-AFC1-46DD-8916-BCCE46FBE477}.Release|Any CPU.ActiveCfg = Release|Any CPU
		{36EEC2CE-AFC1-46DD-8916-BCCE46FBE477}.Release|Any CPU.Build.0 = Release|Any CPU
		{80B39D1C-76B0-49AC-890B-B4145329A9C3}.Debug|Any CPU.ActiveCfg = Debug|Any CPU
		{80B39D1C-76B0-49AC-890B-B4145329A9C3}.Debug|Any CPU.Build.0 = Debug|Any CPU
		{80B39D1C-76B0-49AC-890B-B4145329A9C3}.Release|Any CPU.ActiveCfg = Release|Any CPU
		{80B39D1C-76B0-49AC-890B-B4145329A9C3}.Release|Any CPU.Build.0 = Release|Any CPU
	EndGlobalSection
	GlobalSection(SolutionProperties) = preSolution
		HideSolutionNode = FALSE
	EndGlobalSection
	GlobalSection(ExtensibilityGlobals) = postSolution
		SolutionGuid = {3EA5617F-4692-49E0-B327-F9E85BF47541}
	EndGlobalSection
EndGlobal
